# THIS IS AN AUTOGENERATED FILE. DO NOT EDIT THIS FILE DIRECTLY.
# yarn lockfile v1


symbol-observable@1.2.0:
  version "1.2.0"
  resolved "https://registry.yarnpkg.com/symbol-observable/-/symbol-observable-1.2.0.tgz#c22688aed4eab3cdc2dfeacbb561660560a00804"
  integrity sha512-e900nM8RRtGhlV36KGEU9k65K3mPb1WV70OdjfxlG2EAuM1noi/E/BaW/uMhL7bPEssK8QV57vN3esixjUvcXQ==

xstream@^11.7.0:
  version "11.7.0"
  resolved "https://registry.yarnpkg.com/xstream/-/xstream-11.7.0.tgz#6557e9710e1ab05ae28b6902af41745250d32e36"
  integrity sha512-wO3TXiQd2/1UZNVsixDIcQgAN6TU4sGH7qIXvs1CRp1kgtkpU8YTfyKt/z/Z1psqcGnR0cJJxHaCnBxtktLx9w==
  dependencies:
    symbol-observable "1.2.0"
